{
  "name": "@app/electron-versions",
  "lockfileVersion": 3,
  "requires": true,
  "packages": {
    "": {
      "name": "@app/electron-versions",
      "dependencies": {
        "@app/electron-versions": "file:"
      }
    },
    "node_modules/@app/electron-versions": {
      "resolved": "",
      "link": true
    }
  }
}
