{
  "name": "@app/integrate-renderer",
  "lockfileVersion": 3,
  "requires": true,
  "packages": {
    "": {
      "name": "@app/integrate-renderer",
      "dependencies": {
        "@app/integrate-renderer": "file:"
      }
    },
    "node_modules/@app/integrate-renderer": {
      "resolved": "",
      "link": true
    }
  }
}
